
Microsoft Visual Studio Solution File, Format Version 12.00
# Visual Studio 14
VisualStudioVersion = 14.0.25420.1
MinimumVisualStudioVersion = 10.0.40219.1
Project("{F184B08F-C81C-45F6-A57F-5ABD9991F28F}") = "ArduinoTR", "ArduinoTR\ArduinoTR.vbproj", "{53A2D8DF-9D0C-47D8-9982-F4248F0098AA}"
EndProject
Global
	GlobalSection(SolutionConfigurationPlatforms) = preSolution
		Debug|Any CPU = Debug|Any CPU
		Debug|x86 = Debug|x86
		Release|Any CPU = Release|Any CPU
		Release|x86 = Release|x86
	EndGlobalSection
	GlobalSection(ProjectConfigurationPlatforms) = postSolution
		{53A2D8DF-9D0C-47D8-9982-F4248F0098AA}.Debug|Any CPU.ActiveCfg = Debug|Any CPU
		{53A2D8DF-9D0C-47D8-9982-F4248F0098AA}.Debug|Any CPU.Build.0 = Debug|Any CPU
		{53A2D8DF-9D0C-47D8-9982-F4248F0098AA}.Debug|x86.ActiveCfg = Debug|Any CPU
		{53A2D8DF-9D0C-47D8-9982-F4248F0098AA}.Debug|x86.Build.0 = Debug|Any CPU
		{53A2D8DF-9D0C-47D8-9982-F4248F0098AA}.Release|Any CPU.ActiveCfg = Release|Any CPU
		{53A2D8DF-9D0C-47D8-9982-F4248F0098AA}.Release|Any CPU.Build.0 = Release|Any CPU
		{53A2D8DF-9D0C-47D8-9982-F4248F0098AA}.Release|x86.ActiveCfg = Release|Any CPU
		{53A2D8DF-9D0C-47D8-9982-F4248F0098AA}.Release|x86.Build.0 = Release|Any CPU
	EndGlobalSection
	GlobalSection(SolutionProperties) = preSolution
		HideSolutionNode = FALSE
	EndGlobalSection
EndGlobal
